
Microsoft Visual Studio Solution File, Format Version 12.00
# Visual Studio Version 17
VisualStudioVersion = 17.2.32602.215
MinimumVisualStudioVersion = 10.0.40219.1
Project("{9A19103F-16F7-4668-BE54-9A1E7A4F7556}") = "MakeMyPaymentApi", "MakeMyPaymentApi.csproj", "{79B5F202-0472-4EFE-9BB4-9ACB20AADF81}"
EndProject
Global
	GlobalSection(SolutionConfigurationPlatforms) = preSolution
		Debug|Any CPU = Debug|Any CPU
		Release|Any CPU = Release|Any CPU
	EndGlobalSection
	GlobalSection(ProjectConfigurationPlatforms) = postSolution
		{79B5F202-0472-4EFE-9BB4-9ACB20AADF81}.Debug|Any CPU.ActiveCfg = Debug|Any CPU
		{79B5F202-0472-4EFE-9BB4-9ACB20AADF81}.Debug|Any CPU.Build.0 = Debug|Any CPU
		{79B5F202-0472-4EFE-9BB4-9ACB20AADF81}.Release|Any CPU.ActiveCfg = Release|Any CPU
		{79B5F202-0472-4EFE-9BB4-9ACB20AADF81}.Release|Any CPU.Build.0 = Release|Any CPU
	EndGlobalSection
	GlobalSection(SolutionProperties) = preSolution
		HideSolutionNode = FALSE
	EndGlobalSection
	GlobalSection(ExtensibilityGlobals) = postSolution
		SolutionGuid = {94179ADE-27AA-48AD-8E32-45F6FC857E0C}
	EndGlobalSection
EndGlobal
